{
  "name": "web",
  "version": "1.0.0",
  "lockfileVersion": 1,
  "requires": true,
  "dependencies": {
    "jquery": {
      "version": "3.2.1",
      "resolved": "http://registry.npm.taobao.org/jquery/download/jquery-3.2.1.tgz",
      "integrity": "sha1-XE2d5lKvbNCncBVKYxu6ErAVx4c="
    },
    "ratchet-npm": {
      "version": "2.0.4",
      "resolved": "http://registry.npm.taobao.org/ratchet-npm/download/ratchet-npm-2.0.4.tgz",
      "integrity": "sha1-wNFqraktPHha7XGlcl+HtaW4BKY="
    }
  }
}
